// !$*UTF8*$!
{
	archiveVersion = 1;
	classes = {
	};
	objectVersion = 56;
	objects = {

/* Begin PBXBuildFile section */
		70E0EE192B5E610C00F69B07 /* PosterViewWithLabelApp.swift in Sources */ = {isa = PBXBuildFile; fileRef = 70E0EE182B5E610C00F69B07 /* PosterViewWithLabelApp.swift */; };
		70E0EE1B2B5E610C00F69B07 /* ContentView.swift in Sources */ = {isa = PBXBuildFile; fileRef = 70E0EE1A2B5E610C00F69B07 /* ContentView.swift */; };
		70E0EE1D2B5E610D00F69B07 /* Assets.xcassets in Resources */ = {isa = PBXBuildFile; fileRef = 70E0EE1C2B5E610D00F69B07 /* Assets.xcassets */; };
		70E0EE212B5E610D00F69B07 /* Preview Assets.xcassets in Resources */ = {isa = PBXBuildFile; fileRef = 70E0EE202B5E610D00F69B07 /* Preview Assets.xcassets */; };
		70E0EE2B2B5E610D00F69B07 /* PosterViewWithLabelTests.swift in Sources */ = {isa = PBXBuildFile; fileRef = 70E0EE2A2B5E610D00F69B07 /* PosterViewWithLabelTests.swift */; };
		70E0EE352B5E610D00F69B07 /* PosterViewWithLabelUITests.swift in Sources */ = {isa = PBXBuildFile; fileRef = 70E0EE342B5E610D00F69B07 /* PosterViewWithLabelUITests.swift */; };
		70E0EE372B5E610D00F69B07 /* PosterViewWithLabelUITestsLaunchTests.swift in Sources */ = {isa = PBXBuildFile; fileRef = 70E0EE362B5E610D00F69B07 /* PosterViewWithLabelUITestsLaunchTests.swift */; };
		70E0EE462B5E616100F69B07 /* Assets.swift in Sources */ = {isa = PBXBuildFile; fileRef = 70E0EE452B5E616100F69B07 /* Assets.swift */; };
		70E0EE482B5E627B00F69B07 /* PosterView.swift in Sources */ = {isa = PBXBuildFile; fileRef = 70E0EE472B5E627B00F69B07 /* PosterView.swift */; };
		70E0EE4B2B5E649100F69B07 /* RoundedCorner.swift in Sources */ = {isa = PBXBuildFile; fileRef = 70E0EE4A2B5E649100F69B07 /* RoundedCorner.swift */; };
		70E0EE4D2B5E64AC00F69B07 /* View+CornerRadius.swift in Sources */ = {isa = PBXBuildFile; fileRef = 70E0EE4C2B5E64AC00F69B07 /* View+CornerRadius.swift */; };
/* End PBXBuildFile section */

/* Begin PBXContainerItemProxy section */
		70E0EE272B5E610D00F69B07 /* PBXContainerItemProxy */ = {
			isa = PBXContainerItemProxy;
			containerPortal = 70E0EE0D2B5E610C00F69B07 /* Project object */;
			proxyType = 1;
			remoteGlobalIDString = 70E0EE142B5E610C00F69B07;
			remoteInfo = PosterViewWithLabel;
		};
		70E0EE312B5E610D00F69B07 /* PBXContainerItemProxy */ = {
			isa = PBXContainerItemProxy;
			containerPortal = 70E0EE0D2B5E610C00F69B07 /* Project object */;
			proxyType = 1;
			remoteGlobalIDString = 70E0EE142B5E610C00F69B07;
			remoteInfo = PosterViewWithLabel;
		};
/* End PBXContainerItemProxy section */

/* Begin PBXFileReference section */
		70E0EE152B5E610C00F69B07 /* PosterViewWithLabel.app */ = {isa = PBXFileReference; explicitFileType = wrapper.application; includeInIndex = 0; path = PosterViewWithLabel.app; sourceTree = BUILT_PRODUCTS_DIR; };
		70E0EE182B5E610C00F69B07 /* PosterViewWithLabelApp.swift */ = {isa = PBXFileReference; lastKnownFileType = sourcecode.swift; path = PosterViewWithLabelApp.swift; sourceTree = "<group>"; };
		70E0EE1A2B5E610C00F69B07 /* ContentView.swift */ = {isa = PBXFileReference; lastKnownFileType = sourcecode.swift; path = ContentView.swift; sourceTree = "<group>"; };
		70E0EE1C2B5E610D00F69B07 /* Assets.xcassets */ = {isa = PBXFileReference; lastKnownFileType = folder.assetcatalog; path = Assets.xcassets; sourceTree = "<group>"; };
		70E0EE1E2B5E610D00F69B07 /* PosterViewWithLabel.entitlements */ = {isa = PBXFileReference; lastKnownFileType = text.plist.entitlements; path = PosterViewWithLabel.entitlements; sourceTree = "<group>"; };
		70E0EE202B5E610D00F69B07 /* Preview Assets.xcassets */ = {isa = PBXFileReference; lastKnownFileType = folder.assetcatalog; path = "Preview Assets.xcassets"; sourceTree = "<group>"; };
		70E0EE262B5E610D00F69B07 /* PosterViewWithLabelTests.xctest */ = {isa = PBXFileReference; explicitFileType = wrapper.cfbundle; includeInIndex = 0; path = PosterViewWithLabelTests.xctest; sourceTree = BUILT_PRODUCTS_DIR; };
		70E0EE2A2B5E610D00F69B07 /* PosterViewWithLabelTests.swift */ = {isa = PBXFileReference; lastKnownFileType = sourcecode.swift; path = PosterViewWithLabelTests.swift; sourceTree = "<group>"; };
		70E0EE302B5E610D00F69B07 /* PosterViewWithLabelUITests.xctest */ = {isa = PBXFileReference; explicitFileType = wrapper.cfbundle; includeInIndex = 0; path = PosterViewWithLabelUITests.xctest; sourceTree = BUILT_PRODUCTS_DIR; };
		70E0EE342B5E610D00F69B07 /* PosterViewWithLabelUITests.swift */ = {isa = PBXFileReference; lastKnownFileType = sourcecode.swift; path = PosterViewWithLabelUITests.swift; sourceTree = "<group>"; };
		70E0EE362B5E610D00F69B07 /* PosterViewWithLabelUITestsLaunchTests.swift */ = {isa = PBXFileReference; lastKnownFileType = sourcecode.swift; path = PosterViewWithLabelUITestsLaunchTests.swift; sourceTree = "<group>"; };
		70E0EE452B5E616100F69B07 /* Assets.swift */ = {isa = PBXFileReference; lastKnownFileType = sourcecode.swift; path = Assets.swift; sourceTree = "<group>"; };
		70E0EE472B5E627B00F69B07 /* PosterView.swift */ = {isa = PBXFileReference; lastKnownFileType = sourcecode.swift; path = PosterView.swift; sourceTree = "<group>"; };
		70E0EE4A2B5E649100F69B07 /* RoundedCorner.swift */ = {isa = PBXFileReference; lastKnownFileType = sourcecode.swift; path = RoundedCorner.swift; sourceTree = "<group>"; };
		70E0EE4C2B5E64AC00F69B07 /* View+CornerRadius.swift */ = {isa = PBXFileReference; lastKnownFileType = sourcecode.swift; path = "View+CornerRadius.swift"; sourceTree = "<group>"; };
/* End PBXFileReference section */

/* Begin PBXFrameworksBuildPhase section */
		70E0EE122B5E610C00F69B07 /* Frameworks */ = {
			isa = PBXFrameworksBuildPhase;
			buildActionMask = 2147483647;
			files = (
			);
			runOnlyForDeploymentPostprocessing = 0;
		};
		70E0EE232B5E610D00F69B07 /* Frameworks */ = {
			isa = PBXFrameworksBuildPhase;
			buildActionMask = 2147483647;
			files = (
			);
			runOnlyForDeploymentPostprocessing = 0;
		};
		70E0EE2D2B5E610D00F69B07 /* Frameworks */ = {
			isa = PBXFrameworksBuildPhase;
			buildActionMask = 2147483647;
			files = (
			);
			runOnlyForDeploymentPostprocessing = 0;
		};
/* End PBXFrameworksBuildPhase section */

/* Begin PBXGroup section */
		70E0EE0C2B5E610C00F69B07 = {
			isa = PBXGroup;
			children = (
				70E0EE172B5E610C00F69B07 /* PosterViewWithLabel */,
				70E0EE292B5E610D00F69B07 /* PosterViewWithLabelTests */,
				70E0EE332B5E610D00F69B07 /* PosterViewWithLabelUITests */,
				70E0EE162B5E610C00F69B07 /* Products */,
			);
			sourceTree = "<group>";
		};
		70E0EE162B5E610C00F69B07 /* Products */ = {
			isa = PBXGroup;
			children = (
				70E0EE152B5E610C00F69B07 /* PosterViewWithLabel.app */,
				70E0EE262B5E610D00F69B07 /* PosterViewWithLabelTests.xctest */,
				70E0EE302B5E610D00F69B07 /* PosterViewWithLabelUITests.xctest */,
			);
			name = Products;
			sourceTree = "<group>";
		};
		70E0EE172B5E610C00F69B07 /* PosterViewWithLabel */ = {
			isa = PBXGroup;
			children = (
				70E0EE492B5E647D00F69B07 /* Modifiers */,
				70E0EE442B5E612A00F69B07 /* Views */,
				70E0EE432B5E611D00F69B07 /* Assets */,
				70E0EE182B5E610C00F69B07 /* PosterViewWithLabelApp.swift */,
				70E0EE1E2B5E610D00F69B07 /* PosterViewWithLabel.entitlements */,
				70E0EE1F2B5E610D00F69B07 /* Preview Content */,
			);
			path = PosterViewWithLabel;
			sourceTree = "<group>";
		};
		70E0EE1F2B5E610D00F69B07 /* Preview Content */ = {
			isa = PBXGroup;
			children = (
				70E0EE202B5E610D00F69B07 /* Preview Assets.xcassets */,
			);
			path = "Preview Content";
			sourceTree = "<group>";
		};
		70E0EE292B5E610D00F69B07 /* PosterViewWithLabelTests */ = {
			isa = PBXGroup;
			children = (
				70E0EE2A2B5E610D00F69B07 /* PosterViewWithLabelTests.swift */,
			);
			path = PosterViewWithLabelTests;
			sourceTree = "<group>";
		};
		70E0EE332B5E610D00F69B07 /* PosterViewWithLabelUITests */ = {
			isa = PBXGroup;
			children = (
				70E0EE342B5E610D00F69B07 /* PosterViewWithLabelUITests.swift */,
				70E0EE362B5E610D00F69B07 /* PosterViewWithLabelUITestsLaunchTests.swift */,
			);
			path = PosterViewWithLabelUITests;
			sourceTree = "<group>";
		};
		70E0EE432B5E611D00F69B07 /* Assets */ = {
			isa = PBXGroup;
			children = (
				70E0EE1C2B5E610D00F69B07 /* Assets.xcassets */,
				70E0EE452B5E616100F69B07 /* Assets.swift */,
			);
			path = Assets;
			sourceTree = "<group>";
		};
		70E0EE442B5E612A00F69B07 /* Views */ = {
			isa = PBXGroup;
			children = (
				70E0EE1A2B5E610C00F69B07 /* ContentView.swift */,
				70E0EE472B5E627B00F69B07 /* PosterView.swift */,
			);
			path = Views;
			sourceTree = "<group>";
		};
		70E0EE492B5E647D00F69B07 /* Modifiers */ = {
			isa = PBXGroup;
			children = (
				70E0EE4A2B5E649100F69B07 /* RoundedCorner.swift */,
				70E0EE4C2B5E64AC00F69B07 /* View+CornerRadius.swift */,
			);
			path = Modifiers;
			sourceTree = "<group>";
		};
/* End PBXGroup section */

/* Begin PBXNativeTarget section */
		70E0EE142B5E610C00F69B07 /* PosterViewWithLabel */ = {
			isa = PBXNativeTarget;
			buildConfigurationList = 70E0EE3A2B5E610D00F69B07 /* Build configuration list for PBXNativeTarget "PosterViewWithLabel" */;
			buildPhases = (
				70E0EE112B5E610C00F69B07 /* Sources */,
				70E0EE122B5E610C00F69B07 /* Frameworks */,
				70E0EE132B5E610C00F69B07 /* Resources */,
			);
			buildRules = (
			);
			dependencies = (
			);
			name = PosterViewWithLabel;
			productName = PosterViewWithLabel;
			productReference = 70E0EE152B5E610C00F69B07 /* PosterViewWithLabel.app */;
			productType = "com.apple.product-type.application";
		};
		70E0EE252B5E610D00F69B07 /* PosterViewWithLabelTests */ = {
			isa = PBXNativeTarget;
			buildConfigurationList = 70E0EE3D2B5E610D00F69B07 /* Build configuration list for PBXNativeTarget "PosterViewWithLabelTests" */;
			buildPhases = (
				70E0EE222B5E610D00F69B07 /* Sources */,
				70E0EE232B5E610D00F69B07 /* Frameworks */,
				70E0EE242B5E610D00F69B07 /* Resources */,
			);
			buildRules = (
			);
			dependencies = (
				70E0EE282B5E610D00F69B07 /* PBXTargetDependency */,
			);
			name = PosterViewWithLabelTests;
			productName = PosterViewWithLabelTests;
			productReference = 70E0EE262B5E610D00F69B07 /* PosterViewWithLabelTests.xctest */;
			productType = "com.apple.product-type.bundle.unit-test";
		};
		70E0EE2F2B5E610D00F69B07 /* PosterViewWithLabelUITests */ = {
			isa = PBXNativeTarget;
			buildConfigurationList = 70E0EE402B5E610D00F69B07 /* Build configuration list for PBXNativeTarget "PosterViewWithLabelUITests" */;
			buildPhases = (
				70E0EE2C2B5E610D00F69B07 /* Sources */,
				70E0EE2D2B5E610D00F69B07 /* Frameworks */,
				70E0EE2E2B5E610D00F69B07 /* Resources */,
			);
			buildRules = (
			);
			dependencies = (
				70E0EE322B5E610D00F69B07 /* PBXTargetDependency */,
			);
			name = PosterViewWithLabelUITests;
			productName = PosterViewWithLabelUITests;
			productReference = 70E0EE302B5E610D00F69B07 /* PosterViewWithLabelUITests.xctest */;
			productType = "com.apple.product-type.bundle.ui-testing";
		};
/* End PBXNativeTarget section */

/* Begin PBXProject section */
		70E0EE0D2B5E610C00F69B07 /* Project object */ = {
			isa = PBXProject;
			attributes = {
				BuildIndependentTargetsInParallel = 1;
				LastSwiftUpdateCheck = 1520;
				LastUpgradeCheck = 1520;
				TargetAttributes = {
					70E0EE142B5E610C00F69B07 = {
						CreatedOnToolsVersion = 15.2;
					};
					70E0EE252B5E610D00F69B07 = {
						CreatedOnToolsVersion = 15.2;
						TestTargetID = 70E0EE142B5E610C00F69B07;
					};
					70E0EE2F2B5E610D00F69B07 = {
						CreatedOnToolsVersion = 15.2;
						TestTargetID = 70E0EE142B5E610C00F69B07;
					};
				};
			};
			buildConfigurationList = 70E0EE102B5E610C00F69B07 /* Build configuration list for PBXProject "PosterViewWithLabel" */;
			compatibilityVersion = "Xcode 14.0";
			developmentRegion = en;
			hasScannedForEncodings = 0;
			knownRegions = (
				en,
				Base,
			);
			mainGroup = 70E0EE0C2B5E610C00F69B07;
			productRefGroup = 70E0EE162B5E610C00F69B07 /* Products */;
			projectDirPath = "";
			projectRoot = "";
			targets = (
				70E0EE142B5E610C00F69B07 /* PosterViewWithLabel */,
				70E0EE252B5E610D00F69B07 /* PosterViewWithLabelTests */,
				70E0EE2F2B5E610D00F69B07 /* PosterViewWithLabelUITests */,
			);
		};
/* End PBXProject section */

/* Begin PBXResourcesBuildPhase section */
		70E0EE132B5E610C00F69B07 /* Resources */ = {
			isa = PBXResourcesBuildPhase;
			buildActionMask = 2147483647;
			files = (
				70E0EE212B5E610D00F69B07 /* Preview Assets.xcassets in Resources */,
				70E0EE1D2B5E610D00F69B07 /* Assets.xcassets in Resources */,
			);
			runOnlyForDeploymentPostprocessing = 0;
		};
		70E0EE242B5E610D00F69B07 /* Resources */ = {
			isa = PBXResourcesBuildPhase;
			buildActionMask = 2147483647;
			files = (
			);
			runOnlyForDeploymentPostprocessing = 0;
		};
		70E0EE2E2B5E610D00F69B07 /* Resources */ = {
			isa = PBXResourcesBuildPhase;
			buildActionMask = 2147483647;
			files = (
			);
			runOnlyForDeploymentPostprocessing = 0;
		};
/* End PBXResourcesBuildPhase section */

/* Begin PBXSourcesBuildPhase section */
		70E0EE112B5E610C00F69B07 /* Sources */ = {
			isa = PBXSourcesBuildPhase;
			buildActionMask = 2147483647;
			files = (
				70E0EE1B2B5E610C00F69B07 /* ContentView.swift in Sources */,
				70E0EE192B5E610C00F69B07 /* PosterViewWithLabelApp.swift in Sources */,
				70E0EE4B2B5E649100F69B07 /* RoundedCorner.swift in Sources */,
				70E0EE4D2B5E64AC00F69B07 /* View+CornerRadius.swift in Sources */,
				70E0EE462B5E616100F69B07 /* Assets.swift in Sources */,
				70E0EE482B5E627B00F69B07 /* PosterView.swift in Sources */,
			);
			runOnlyForDeploymentPostprocessing = 0;
		};
		70E0EE222B5E610D00F69B07 /* Sources */ = {
			isa = PBXSourcesBuildPhase;
			buildActionMask = 2147483647;
			files = (
				70E0EE2B2B5E610D00F69B07 /* PosterViewWithLabelTests.swift in Sources */,
			);
			runOnlyForDeploymentPostprocessing = 0;
		};
		70E0EE2C2B5E610D00F69B07 /* Sources */ = {
			isa = PBXSourcesBuildPhase;
			buildActionMask = 2147483647;
			files = (
				70E0EE352B5E610D00F69B07 /* PosterViewWithLabelUITests.swift in Sources */,
				70E0EE372B5E610D00F69B07 /* PosterViewWithLabelUITestsLaunchTests.swift in Sources */,
			);
			runOnlyForDeploymentPostprocessing = 0;
		};
/* End PBXSourcesBuildPhase section */

/* Begin PBXTargetDependency section */
		70E0EE282B5E610D00F69B07 /* PBXTargetDependency */ = {
			isa = PBXTargetDependency;
			target = 70E0EE142B5E610C00F69B07 /* PosterViewWithLabel */;
			targetProxy = 70E0EE272B5E610D00F69B07 /* PBXContainerItemProxy */;
		};
		70E0EE322B5E610D00F69B07 /* PBXTargetDependency */ = {
			isa = PBXTargetDependency;
			target = 70E0EE142B5E610C00F69B07 /* PosterViewWithLabel */;
			targetProxy = 70E0EE312B5E610D00F69B07 /* PBXContainerItemProxy */;
		};
/* End PBXTargetDependency section */

/* Begin XCBuildConfiguration section */
		70E0EE382B5E610D00F69B07 /* Debug */ = {
			isa = XCBuildConfiguration;
			buildSettings = {
				ALWAYS_SEARCH_USER_PATHS = NO;
				ASSETCATALOG_COMPILER_GENERATE_SWIFT_ASSET_SYMBOL_EXTENSIONS = YES;
				CLANG_ANALYZER_NONNULL = YES;
				CLANG_ANALYZER_NUMBER_OBJECT_CONVERSION = YES_AGGRESSIVE;
				CLANG_CXX_LANGUAGE_STANDARD = "gnu++20";
				CLANG_ENABLE_MODULES = YES;
				CLANG_ENABLE_OBJC_ARC = YES;
				CLANG_ENABLE_OBJC_WEAK = YES;
				CLANG_WARN_BLOCK_CAPTURE_AUTORELEASING = YES;
				CLANG_WARN_BOOL_CONVERSION = YES;
				CLANG_WARN_COMMA = YES;
				CLANG_WARN_CONSTANT_CONVERSION = YES;
				CLANG_WARN_DEPRECATED_OBJC_IMPLEMENTATIONS = YES;
				CLANG_WARN_DIRECT_OBJC_ISA_USAGE = YES_ERROR;
				CLANG_WARN_DOCUMENTATION_COMMENTS = YES;
				CLANG_WARN_EMPTY_BODY = YES;
				CLANG_WARN_ENUM_CONVERSION = YES;
				CLANG_WARN_INFINITE_RECURSION = YES;
				CLANG_WARN_INT_CONVERSION = YES;
				CLANG_WARN_NON_LITERAL_NULL_CONVERSION = YES;
				CLANG_WARN_OBJC_IMPLICIT_RETAIN_SELF = YES;
				CLANG_WARN_OBJC_LITERAL_CONVERSION = YES;
				CLANG_WARN_OBJC_ROOT_CLASS = YES_ERROR;
				CLANG_WARN_QUOTED_INCLUDE_IN_FRAMEWORK_HEADER = YES;
				CLANG_WARN_RANGE_LOOP_ANALYSIS = YES;
				CLANG_WARN_STRICT_PROTOTYPES = YES;
				CLANG_WARN_SUSPICIOUS_MOVE = YES;
				CLANG_WARN_UNGUARDED_AVAILABILITY = YES_AGGRESSIVE;
				CLANG_WARN_UNREACHABLE_CODE = YES;
				CLANG_WARN__DUPLICATE_METHOD_MATCH = YES;
				COPY_PHASE_STRIP = NO;
				DEBUG_INFORMATION_FORMAT = dwarf;
				ENABLE_STRICT_OBJC_MSGSEND = YES;
				ENABLE_TESTABILITY = YES;
				ENABLE_USER_SCRIPT_SANDBOXING = YES;
				GCC_C_LANGUAGE_STANDARD = gnu17;
				GCC_DYNAMIC_NO_PIC = NO;
				GCC_NO_COMMON_BLOCKS = YES;
				GCC_OPTIMIZATION_LEVEL = 0;
				GCC_PREPROCESSOR_DEFINITIONS = (
					"DEBUG=1",
					"$(inherited)",
				);
				GCC_WARN_64_TO_32_BIT_CONVERSION = YES;
				GCC_WARN_ABOUT_RETURN_TYPE = YES_ERROR;
				GCC_WARN_UNDECLARED_SELECTOR = YES;
				GCC_WARN_UNINITIALIZED_AUTOS = YES_AGGRESSIVE;
				GCC_WARN_UNUSED_FUNCTION = YES;
				GCC_WARN_UNUSED_VARIABLE = YES;
				LOCALIZATION_PREFERS_STRING_CATALOGS = YES;
				MTL_ENABLE_DEBUG_INFO = INCLUDE_SOURCE;
				MTL_FAST_MATH = YES;
				ONLY_ACTIVE_ARCH = YES;
				SWIFT_ACTIVE_COMPILATION_CONDITIONS = "DEBUG $(inherited)";
				SWIFT_OPTIMIZATION_LEVEL = "-Onone";
			};
			name = Debug;
		};
		70E0EE392B5E610D00F69B07 /* Release */ = {
			isa = XCBuildConfiguration;
			buildSettings = {
				ALWAYS_SEARCH_USER_PATHS = NO;
				ASSETCATALOG_COMPILER_GENERATE_SWIFT_ASSET_SYMBOL_EXTENSIONS = YES;
				CLANG_ANALYZER_NONNULL = YES;
				CLANG_ANALYZER_NUMBER_OBJECT_CONVERSION = YES_AGGRESSIVE;
				CLANG_CXX_LANGUAGE_STANDARD = "gnu++20";
				CLANG_ENABLE_MODULES = YES;
				CLANG_ENABLE_OBJC_ARC = YES;
				CLANG_ENABLE_OBJC_WEAK = YES;
				CLANG_WARN_BLOCK_CAPTURE_AUTORELEASING = YES;
				CLANG_WARN_BOOL_CONVERSION = YES;
				CLANG_WARN_COMMA = YES;
				CLANG_WARN_CONSTANT_CONVERSION = YES;
				CLANG_WARN_DEPRECATED_OBJC_IMPLEMENTATIONS = YES;
				CLANG_WARN_DIRECT_OBJC_ISA_USAGE = YES_ERROR;
				CLANG_WARN_DOCUMENTATION_COMMENTS = YES;
				CLANG_WARN_EMPTY_BODY = YES;
				CLANG_WARN_ENUM_CONVERSION = YES;
				CLANG_WARN_INFINITE_RECURSION = YES;
				CLANG_WARN_INT_CONVERSION = YES;
				CLANG_WARN_NON_LITERAL_NULL_CONVERSION = YES;
				CLANG_WARN_OBJC_IMPLICIT_RETAIN_SELF = YES;
				CLANG_WARN_OBJC_LITERAL_CONVERSION = YES;
				CLANG_WARN_OBJC_ROOT_CLASS = YES_ERROR;
				CLANG_WARN_QUOTED_INCLUDE_IN_FRAMEWORK_HEADER = YES;
				CLANG_WARN_RANGE_LOOP_ANALYSIS = YES;
				CLANG_WARN_STRICT_PROTOTYPES = YES;
				CLANG_WARN_SUSPICIOUS_MOVE = YES;
				CLANG_WARN_UNGUARDED_AVAILABILITY = YES_AGGRESSIVE;
				CLANG_WARN_UNREACHABLE_CODE = YES;
				CLANG_WARN__DUPLICATE_METHOD_MATCH = YES;
				COPY_PHASE_STRIP = NO;
				DEBUG_INFORMATION_FORMAT = "dwarf-with-dsym";
				ENABLE_NS_ASSERTIONS = NO;
				ENABLE_STRICT_OBJC_MSGSEND = YES;
				ENABLE_USER_SCRIPT_SANDBOXING = YES;
				GCC_C_LANGUAGE_STANDARD = gnu17;
				GCC_NO_COMMON_BLOCKS = YES;
				GCC_WARN_64_TO_32_BIT_CONVERSION = YES;
				GCC_WARN_ABOUT_RETURN_TYPE = YES_ERROR;
				GCC_WARN_UNDECLARED_SELECTOR = YES;
				GCC_WARN_UNINITIALIZED_AUTOS = YES_AGGRESSIVE;
				GCC_WARN_UNUSED_FUNCTION = YES;
				GCC_WARN_UNUSED_VARIABLE = YES;
				LOCALIZATION_PREFERS_STRING_CATALOGS = YES;
				MTL_ENABLE_DEBUG_INFO = NO;
				MTL_FAST_MATH = YES;
				SWIFT_COMPILATION_MODE = wholemodule;
			};
			name = Release;
		};
		70E0EE3B2B5E610D00F69B07 /* Debug */ = {
			isa = XCBuildConfiguration;
			buildSettings = {
				ASSETCATALOG_COMPILER_APPICON_NAME = AppIcon;
				ASSETCATALOG_COMPILER_GLOBAL_ACCENT_COLOR_NAME = AccentColor;
				CODE_SIGN_ENTITLEMENTS = PosterViewWithLabel/PosterViewWithLabel.entitlements;
				CODE_SIGN_STYLE = Automatic;
				CURRENT_PROJECT_VERSION = 1;
				DEVELOPMENT_ASSET_PATHS = "\"PosterViewWithLabel/Preview Content\"";
				DEVELOPMENT_TEAM = YWXH886EY3;
				ENABLE_HARDENED_RUNTIME = YES;
				ENABLE_PREVIEWS = YES;
				GENERATE_INFOPLIST_FILE = YES;
				"INFOPLIST_KEY_UIApplicationSceneManifest_Generation[sdk=iphoneos*]" = YES;
				"INFOPLIST_KEY_UIApplicationSceneManifest_Generation[sdk=iphonesimulator*]" = YES;
				"INFOPLIST_KEY_UIApplicationSupportsIndirectInputEvents[sdk=iphoneos*]" = YES;
				"INFOPLIST_KEY_UIApplicationSupportsIndirectInputEvents[sdk=iphonesimulator*]" = YES;
				"INFOPLIST_KEY_UILaunchScreen_Generation[sdk=iphoneos*]" = YES;
				"INFOPLIST_KEY_UILaunchScreen_Generation[sdk=iphonesimulator*]" = YES;
				"INFOPLIST_KEY_UIStatusBarStyle[sdk=iphoneos*]" = UIStatusBarStyleDefault;
				"INFOPLIST_KEY_UIStatusBarStyle[sdk=iphonesimulator*]" = UIStatusBarStyleDefault;
				INFOPLIST_KEY_UISupportedInterfaceOrientations_iPad = "UIInterfaceOrientationPortrait UIInterfaceOrientationPortraitUpsideDown UIInterfaceOrientationLandscapeLeft UIInterfaceOrientationLandscapeRight";
				INFOPLIST_KEY_UISupportedInterfaceOrientations_iPhone = "UIInterfaceOrientationPortrait UIInterfaceOrientationLandscapeLeft UIInterfaceOrientationLandscapeRight";
				IPHONEOS_DEPLOYMENT_TARGET = 17.2;
				LD_RUNPATH_SEARCH_PATHS = "@executable_path/Frameworks";
				"LD_RUNPATH_SEARCH_PATHS[sdk=macosx*]" = "@executable_path/../Frameworks";
				MACOSX_DEPLOYMENT_TARGET = 14.2;
				MARKETING_VERSION = 1.0;
				PRODUCT_BUNDLE_IDENTIFIER = org.kaizen.PosterViewWithLabel;
				PRODUCT_NAME = "$(TARGET_NAME)";
				SDKROOT = auto;
				SUPPORTED_PLATFORMS = "iphoneos iphonesimulator macosx";
				SWIFT_EMIT_LOC_STRINGS = YES;
				SWIFT_VERSION = 5.0;
				TARGETED_DEVICE_FAMILY = "1,2";
			};
			name = Debug;
		};
		70E0EE3C2B5E610D00F69B07 /* Release */ = {
			isa = XCBuildConfiguration;
			buildSettings = {
				ASSETCATALOG_COMPILER_APPICON_NAME = AppIcon;
				ASSETCATALOG_COMPILER_GLOBAL_ACCENT_COLOR_NAME = AccentColor;
				CODE_SIGN_ENTITLEMENTS = PosterViewWithLabel/PosterViewWithLabel.entitlements;
				CODE_SIGN_STYLE = Automatic;
				CURRENT_PROJECT_VERSION = 1;
				DEVELOPMENT_ASSET_PATHS = "\"PosterViewWithLabel/Preview Content\"";
				DEVELOPMENT_TEAM = YWXH886EY3;
				ENABLE_HARDENED_RUNTIME = YES;
				ENABLE_PREVIEWS = YES;
				GENERATE_INFOPLIST_FILE = YES;
				"INFOPLIST_KEY_UIApplicationSceneManifest_Generation[sdk=iphoneos*]" = YES;
				"INFOPLIST_KEY_UIApplicationSceneManifest_Generation[sdk=iphonesimulator*]" = YES;
				"INFOPLIST_KEY_UIApplicationSupportsIndirectInputEvents[sdk=iphoneos*]" = YES;
				"INFOPLIST_KEY_UIApplicationSupportsIndirectInputEvents[sdk=iphonesimulator*]" = YES;
				"INFOPLIST_KEY_UILaunchScreen_Generation[sdk=iphoneos*]" = YES;
				"INFOPLIST_KEY_UILaunchScreen_Generation[sdk=iphonesimulator*]" = YES;
				"INFOPLIST_KEY_UIStatusBarStyle[sdk=iphoneos*]" = UIStatusBarStyleDefault;
				"INFOPLIST_KEY_UIStatusBarStyle[sdk=iphonesimulator*]" = UIStatusBarStyleDefault;
				INFOPLIST_KEY_UISupportedInterfaceOrientations_iPad = "UIInterfaceOrientationPortrait UIInterfaceOrientationPortraitUpsideDown UIInterfaceOrientationLandscapeLeft UIInterfaceOrientationLandscapeRight";
				INFOPLIST_KEY_UISupportedInterfaceOrientations_iPhone = "UIInterfaceOrientationPortrait UIInterfaceOrientationLandscapeLeft UIInterfaceOrientationLandscapeRight";
				IPHONEOS_DEPLOYMENT_TARGET = 17.2;
				LD_RUNPATH_SEARCH_PATHS = "@executable_path/Frameworks";
				"LD_RUNPATH_SEARCH_PATHS[sdk=macosx*]" = "@executable_path/../Frameworks";
				MACOSX_DEPLOYMENT_TARGET = 14.2;
				MARKETING_VERSION = 1.0;
				PRODUCT_BUNDLE_IDENTIFIER = org.kaizen.PosterViewWithLabel;
				PRODUCT_NAME = "$(TARGET_NAME)";
				SDKROOT = auto;
				SUPPORTED_PLATFORMS = "iphoneos iphonesimulator macosx";
				SWIFT_EMIT_LOC_STRINGS = YES;
				SWIFT_VERSION = 5.0;
				TARGETED_DEVICE_FAMILY = "1,2";
			};
			name = Release;
		};
		70E0EE3E2B5E610D00F69B07 /* Debug */ = {
			isa = XCBuildConfiguration;
			buildSettings = {
				ALWAYS_EMBED_SWIFT_STANDARD_LIBRARIES = YES;
				BUNDLE_LOADER = "$(TEST_HOST)";
				CODE_SIGN_STYLE = Automatic;
				CURRENT_PROJECT_VERSION = 1;
				DEVELOPMENT_TEAM = YWXH886EY3;
				GENERATE_INFOPLIST_FILE = YES;
				IPHONEOS_DEPLOYMENT_TARGET = 17.2;
				MACOSX_DEPLOYMENT_TARGET = 14.2;
				MARKETING_VERSION = 1.0;
				PRODUCT_BUNDLE_IDENTIFIER = org.kaizen.PosterViewWithLabelTests;
				PRODUCT_NAME = "$(TARGET_NAME)";
				SDKROOT = auto;
				SUPPORTED_PLATFORMS = "iphoneos iphonesimulator macosx";
				SWIFT_EMIT_LOC_STRINGS = NO;
				SWIFT_VERSION = 5.0;
				TARGETED_DEVICE_FAMILY = "1,2";
				TEST_HOST = "$(BUILT_PRODUCTS_DIR)/PosterViewWithLabel.app/$(BUNDLE_EXECUTABLE_FOLDER_PATH)/PosterViewWithLabel";
			};
			name = Debug;
		};
		70E0EE3F2B5E610D00F69B07 /* Release */ = {
			isa = XCBuildConfiguration;
			buildSettings = {
				ALWAYS_EMBED_SWIFT_STANDARD_LIBRARIES = YES;
				BUNDLE_LOADER = "$(TEST_HOST)";
				CODE_SIGN_STYLE = Automatic;
				CURRENT_PROJECT_VERSION = 1;
				DEVELOPMENT_TEAM = YWXH886EY3;
				GENERATE_INFOPLIST_FILE = YES;
				IPHONEOS_DEPLOYMENT_TARGET = 17.2;
				MACOSX_DEPLOYMENT_TARGET = 14.2;
				MARKETING_VERSION = 1.0;
				PRODUCT_BUNDLE_IDENTIFIER = org.kaizen.PosterViewWithLabelTests;
				PRODUCT_NAME = "$(TARGET_NAME)";
				SDKROOT = auto;
				SUPPORTED_PLATFORMS = "iphoneos iphonesimulator macosx";
				SWIFT_EMIT_LOC_STRINGS = NO;
				SWIFT_VERSION = 5.0;
				TARGETED_DEVICE_FAMILY = "1,2";
				TEST_HOST = "$(BUILT_PRODUCTS_DIR)/PosterViewWithLabel.app/$(BUNDLE_EXECUTABLE_FOLDER_PATH)/PosterViewWithLabel";
			};
			name = Release;
		};
		70E0EE412B5E610D00F69B07 /* Debug */ = {
			isa = XCBuildConfiguration;
			buildSettings = {
				ALWAYS_EMBED_SWIFT_STANDARD_LIBRARIES = YES;
				CODE_SIGN_STYLE = Automatic;
				CURRENT_PROJECT_VERSION = 1;
				DEVELOPMENT_TEAM = YWXH886EY3;
				GENERATE_INFOPLIST_FILE = YES;
				IPHONEOS_DEPLOYMENT_TARGET = 17.2;
				MACOSX_DEPLOYMENT_TARGET = 14.2;
				MARKETING_VERSION = 1.0;
				PRODUCT_BUNDLE_IDENTIFIER = org.kaizen.PosterViewWithLabelUITests;
				PRODUCT_NAME = "$(TARGET_NAME)";
				SDKROOT = auto;
				SUPPORTED_PLATFORMS = "iphoneos iphonesimulator macosx";
				SWIFT_EMIT_LOC_STRINGS = NO;
				SWIFT_VERSION = 5.0;
				TARGETED_DEVICE_FAMILY = "1,2";
				TEST_TARGET_NAME = PosterViewWithLabel;
			};
			name = Debug;
		};
		70E0EE422B5E610D00F69B07 /* Release */ = {
			isa = XCBuildConfiguration;
			buildSettings = {
				ALWAYS_EMBED_SWIFT_STANDARD_LIBRARIES = YES;
				CODE_SIGN_STYLE = Automatic;
				CURRENT_PROJECT_VERSION = 1;
				DEVELOPMENT_TEAM = YWXH886EY3;
				GENERATE_INFOPLIST_FILE = YES;
				IPHONEOS_DEPLOYMENT_TARGET = 17.2;
				MACOSX_DEPLOYMENT_TARGET = 14.2;
				MARKETING_VERSION = 1.0;
				PRODUCT_BUNDLE_IDENTIFIER = org.kaizen.PosterViewWithLabelUITests;
				PRODUCT_NAME = "$(TARGET_NAME)";
				SDKROOT = auto;
				SUPPORTED_PLATFORMS = "iphoneos iphonesimulator macosx";
				SWIFT_EMIT_LOC_STRINGS = NO;
				SWIFT_VERSION = 5.0;
				TARGETED_DEVICE_FAMILY = "1,2";
				TEST_TARGET_NAME = PosterViewWithLabel;
			};
			name = Release;
		};
/* End XCBuildConfiguration section */

/* Begin XCConfigurationList section */
		70E0EE102B5E610C00F69B07 /* Build configuration list for PBXProject "PosterViewWithLabel" */ = {
			isa = XCConfigurationList;
			buildConfigurations = (
				70E0EE382B5E610D00F69B07 /* Debug */,
				70E0EE392B5E610D00F69B07 /* Release */,
			);
			defaultConfigurationIsVisible = 0;
			defaultConfigurationName = Release;
		};
		70E0EE3A2B5E610D00F69B07 /* Build configuration list for PBXNativeTarget "PosterViewWithLabel" */ = {
			isa = XCConfigurationList;
			buildConfigurations = (
				70E0EE3B2B5E610D00F69B07 /* Debug */,
				70E0EE3C2B5E610D00F69B07 /* Release */,
			);
			defaultConfigurationIsVisible = 0;
			defaultConfigurationName = Release;
		};
		70E0EE3D2B5E610D00F69B07 /* Build configuration list for PBXNativeTarget "PosterViewWithLabelTests" */ = {
			isa = XCConfigurationList;
			buildConfigurations = (
				70E0EE3E2B5E610D00F69B07 /* Debug */,
				70E0EE3F2B5E610D00F69B07 /* Release */,
			);
			defaultConfigurationIsVisible = 0;
			defaultConfigurationName = Release;
		};
		70E0EE402B5E610D00F69B07 /* Build configuration list for PBXNativeTarget "PosterViewWithLabelUITests" */ = {
			isa = XCConfigurationList;
			buildConfigurations = (
				70E0EE412B5E610D00F69B07 /* Debug */,
				70E0EE422B5E610D00F69B07 /* Release */,
			);
			defaultConfigurationIsVisible = 0;
			defaultConfigurationName = Release;
		};
/* End XCConfigurationList section */
	};
	rootObject = 70E0EE0D2B5E610C00F69B07 /* Project object */;
}
